
Microsoft Visual Studio Solution File, Format Version 12.00
# Visual Studio Version 16
VisualStudioVersion = 16.0.30104.148
MinimumVisualStudioVersion = 10.0.40219.1
Project("{FAE04EC0-301F-11D3-BF4B-00C04F79EFBC}") = "2article1_4", "2article1_4\2article1_4.csproj", "{D56C510B-35DB-4182-BD97-BC9D4C0EE49E}"
EndProject
Global
	GlobalSection(SolutionConfigurationPlatforms) = preSolution
		Debug|Any CPU = Debug|Any CPU
		Release|Any CPU = Release|Any CPU
	EndGlobalSection
	GlobalSection(ProjectConfigurationPlatforms) = postSolution
		{D56C510B-35DB-4182-BD97-BC9D4C0EE49E}.Debug|Any CPU.ActiveCfg = Debug|Any CPU
		{D56C510B-35DB-4182-BD97-BC9D4C0EE49E}.Debug|Any CPU.Build.0 = Debug|Any CPU
		{D56C510B-35DB-4182-BD97-BC9D4C0EE49E}.Release|Any CPU.ActiveCfg = Release|Any CPU
		{D56C510B-35DB-4182-BD97-BC9D4C0EE49E}.Release|Any CPU.Build.0 = Release|Any CPU
	EndGlobalSection
	GlobalSection(SolutionProperties) = preSolution
		HideSolutionNode = FALSE
	EndGlobalSection
	GlobalSection(ExtensibilityGlobals) = postSolution
		SolutionGuid = {D950C71D-7F55-4F6A-8102-BED1C24D6D16}
	EndGlobalSection
EndGlobal
